
Microsoft Visual Studio Solution File, Format Version 12.00
# Visual Studio Version 17
VisualStudioVersion = 17.0.31903.59
MinimumVisualStudioVersion = 10.0.40219.1
Project("{2150E333-8FDC-42A3-9474-1A3956D46DE8}") = "src", "src", "{827E0CD3-B72D-47B6-A68D-7590B98EB39B}"
EndProject
Project("{FAE04EC0-301F-11D3-BF4B-00C04F79EFBC}") = "DapperDemo.API", "src\DapperDemo.API\DapperDemo.API.csproj", "{EE182A97-A914-4ECA-B03E-CA4A09A8489A}"
EndProject
Project("{FAE04EC0-301F-11D3-BF4B-00C04F79EFBC}") = "DapperDemo.Domain", "src\DapperDemo.Domain\DapperDemo.Domain.csproj", "{993AE3B4-AAC1-44B3-B212-73FCB673D02A}"
EndProject
Project("{FAE04EC0-301F-11D3-BF4B-00C04F79EFBC}") = "DapperDemo.DAL", "src\DapperDemo.DAL\DapperDemo.DAL.csproj", "{BC168538-2ABA-4E32-9261-2230021D7514}"
EndProject
Project("{FAE04EC0-301F-11D3-BF4B-00C04F79EFBC}") = "DapperDemo.Database", "src\DapperDemo.Database\DapperDemo.Database.csproj", "{6F3FDE90-FC5B-489F-8CEF-280241EAC667}"
EndProject
Global
	GlobalSection(SolutionConfigurationPlatforms) = preSolution
		Debug|Any CPU = Debug|Any CPU
		Debug|x64 = Debug|x64
		Debug|x86 = Debug|x86
		Release|Any CPU = Release|Any CPU
		Release|x64 = Release|x64
		Release|x86 = Release|x86
	EndGlobalSection
	GlobalSection(ProjectConfigurationPlatforms) = postSolution
		{EE182A97-A914-4ECA-B03E-CA4A09A8489A}.Debug|Any CPU.ActiveCfg = Debug|Any CPU
		{EE182A97-A914-4ECA-B03E-CA4A09A8489A}.Debug|Any CPU.Build.0 = Debug|Any CPU
		{EE182A97-A914-4ECA-B03E-CA4A09A8489A}.Debug|x64.ActiveCfg = Debug|Any CPU
		{EE182A97-A914-4ECA-B03E-CA4A09A8489A}.Debug|x64.Build.0 = Debug|Any CPU
		{EE182A97-A914-4ECA-B03E-CA4A09A8489A}.Debug|x86.ActiveCfg = Debug|Any CPU
		{EE182A97-A914-4ECA-B03E-CA4A09A8489A}.Debug|x86.Build.0 = Debug|Any CPU
		{EE182A97-A914-4ECA-B03E-CA4A09A8489A}.Release|Any CPU.ActiveCfg = Release|Any CPU
		{EE182A97-A914-4ECA-B03E-CA4A09A8489A}.Release|Any CPU.Build.0 = Release|Any CPU
		{EE182A97-A914-4ECA-B03E-CA4A09A8489A}.Release|x64.ActiveCfg = Release|Any CPU
		{EE182A97-A914-4ECA-B03E-CA4A09A8489A}.Release|x64.Build.0 = Release|Any CPU
		{EE182A97-A914-4ECA-B03E-CA4A09A8489A}.Release|x86.ActiveCfg = Release|Any CPU
		{EE182A97-A914-4ECA-B03E-CA4A09A8489A}.Release|x86.Build.0 = Release|Any CPU
		{993AE3B4-AAC1-44B3-B212-73FCB673D02A}.Debug|Any CPU.ActiveCfg = Debug|Any CPU
		{993AE3B4-AAC1-44B3-B212-73FCB673D02A}.Debug|Any CPU.Build.0 = Debug|Any CPU
		{993AE3B4-AAC1-44B3-B212-73FCB673D02A}.Debug|x64.ActiveCfg = Debug|Any CPU
		{993AE3B4-AAC1-44B3-B212-73FCB673D02A}.Debug|x64.Build.0 = Debug|Any CPU
		{993AE3B4-AAC1-44B3-B212-73FCB673D02A}.Debug|x86.ActiveCfg = Debug|Any CPU
		{993AE3B4-AAC1-44B3-B212-73FCB673D02A}.Debug|x86.Build.0 = Debug|Any CPU
		{993AE3B4-AAC1-44B3-B212-73FCB673D02A}.Release|Any CPU.ActiveCfg = Release|Any CPU
		{993AE3B4-AAC1-44B3-B212-73FCB673D02A}.Release|Any CPU.Build.0 = Release|Any CPU
		{993AE3B4-AAC1-44B3-B212-73FCB673D02A}.Release|x64.ActiveCfg = Release|Any CPU
		{993AE3B4-AAC1-44B3-B212-73FCB673D02A}.Release|x64.Build.0 = Release|Any CPU
		{993AE3B4-AAC1-44B3-B212-73FCB673D02A}.Release|x86.ActiveCfg = Release|Any CPU
		{993AE3B4-AAC1-44B3-B212-73FCB673D02A}.Release|x86.Build.0 = Release|Any CPU
		{BC168538-2ABA-4E32-9261-2230021D7514}.Debug|Any CPU.ActiveCfg = Debug|Any CPU
		{BC168538-2ABA-4E32-9261-2230021D7514}.Debug|Any CPU.Build.0 = Debug|Any CPU
		{BC168538-2ABA-4E32-9261-2230021D7514}.Debug|x64.ActiveCfg = Debug|Any CPU
		{BC168538-2ABA-4E32-9261-2230021D7514}.Debug|x64.Build.0 = Debug|Any CPU
		{BC168538-2ABA-4E32-9261-2230021D7514}.Debug|x86.ActiveCfg = Debug|Any CPU
		{BC168538-2ABA-4E32-9261-2230021D7514}.Debug|x86.Build.0 = Debug|Any CPU
		{BC168538-2ABA-4E32-9261-2230021D7514}.Release|Any CPU.ActiveCfg = Release|Any CPU
		{BC168538-2ABA-4E32-9261-2230021D7514}.Release|Any CPU.Build.0 = Release|Any CPU
		{BC168538-2ABA-4E32-9261-2230021D7514}.Release|x64.ActiveCfg = Release|Any CPU
		{BC168538-2ABA-4E32-9261-2230021D7514}.Release|x64.Build.0 = Release|Any CPU
		{BC168538-2ABA-4E32-9261-2230021D7514}.Release|x86.ActiveCfg = Release|Any CPU
		{BC168538-2ABA-4E32-9261-2230021D7514}.Release|x86.Build.0 = Release|Any CPU
		{6F3FDE90-FC5B-489F-8CEF-280241EAC667}.Debug|Any CPU.ActiveCfg = Debug|Any CPU
		{6F3FDE90-FC5B-489F-8CEF-280241EAC667}.Debug|Any CPU.Build.0 = Debug|Any CPU
		{6F3FDE90-FC5B-489F-8CEF-280241EAC667}.Debug|x64.ActiveCfg = Debug|Any CPU
		{6F3FDE90-FC5B-489F-8CEF-280241EAC667}.Debug|x64.Build.0 = Debug|Any CPU
		{6F3FDE90-FC5B-489F-8CEF-280241EAC667}.Debug|x86.ActiveCfg = Debug|Any CPU
		{6F3FDE90-FC5B-489F-8CEF-280241EAC667}.Debug|x86.Build.0 = Debug|Any CPU
		{6F3FDE90-FC5B-489F-8CEF-280241EAC667}.Release|Any CPU.ActiveCfg = Release|Any CPU
		{6F3FDE90-FC5B-489F-8CEF-280241EAC667}.Release|Any CPU.Build.0 = Release|Any CPU
		{6F3FDE90-FC5B-489F-8CEF-280241EAC667}.Release|x64.ActiveCfg = Release|Any CPU
		{6F3FDE90-FC5B-489F-8CEF-280241EAC667}.Release|x64.Build.0 = Release|Any CPU
		{6F3FDE90-FC5B-489F-8CEF-280241EAC667}.Release|x86.ActiveCfg = Release|Any CPU
		{6F3FDE90-FC5B-489F-8CEF-280241EAC667}.Release|x86.Build.0 = Release|Any CPU
	EndGlobalSection
	GlobalSection(SolutionProperties) = preSolution
		HideSolutionNode = FALSE
	EndGlobalSection
	GlobalSection(NestedProjects) = preSolution
		{EE182A97-A914-4ECA-B03E-CA4A09A8489A} = {827E0CD3-B72D-47B6-A68D-7590B98EB39B}
		{993AE3B4-AAC1-44B3-B212-73FCB673D02A} = {827E0CD3-B72D-47B6-A68D-7590B98EB39B}
		{BC168538-2ABA-4E32-9261-2230021D7514} = {827E0CD3-B72D-47B6-A68D-7590B98EB39B}
		{6F3FDE90-FC5B-489F-8CEF-280241EAC667} = {827E0CD3-B72D-47B6-A68D-7590B98EB39B}
	EndGlobalSection
EndGlobal
